
Microsoft Visual Studio Solution File, Format Version 12.00
# Visual Studio Version 16
VisualStudioVersion = 16.0.29230.47
MinimumVisualStudioVersion = 10.0.40219.1
Project("{9A19103F-16F7-4668-BE54-9A1E7A4F7556}") = "ProductApi", "Product\ProductApi.csproj", "{F5898387-440E-4B58-A082-6094E6801136}"
EndProject
Project("{9A19103F-16F7-4668-BE54-9A1E7A4F7556}") = "ProductTests", "ProductTests\ProductTests.csproj", "{F32D29DC-B5FA-4C74-A483-8CE988110950}"
EndProject
Global
	GlobalSection(SolutionConfigurationPlatforms) = preSolution
		Debug|Any CPU = Debug|Any CPU
		Release|Any CPU = Release|Any CPU
	EndGlobalSection
	GlobalSection(ProjectConfigurationPlatforms) = postSolution
		{F5898387-440E-4B58-A082-6094E6801136}.Debug|Any CPU.ActiveCfg = Debug|Any CPU
		{F5898387-440E-4B58-A082-6094E6801136}.Debug|Any CPU.Build.0 = Debug|Any CPU
		{F5898387-440E-4B58-A082-6094E6801136}.Release|Any CPU.ActiveCfg = Release|Any CPU
		{F5898387-440E-4B58-A082-6094E6801136}.Release|Any CPU.Build.0 = Release|Any CPU
		{F32D29DC-B5FA-4C74-A483-8CE988110950}.Debug|Any CPU.ActiveCfg = Debug|Any CPU
		{F32D29DC-B5FA-4C74-A483-8CE988110950}.Debug|Any CPU.Build.0 = Debug|Any CPU
		{F32D29DC-B5FA-4C74-A483-8CE988110950}.Release|Any CPU.ActiveCfg = Release|Any CPU
		{F32D29DC-B5FA-4C74-A483-8CE988110950}.Release|Any CPU.Build.0 = Release|Any CPU
	EndGlobalSection
	GlobalSection(SolutionProperties) = preSolution
		HideSolutionNode = FALSE
	EndGlobalSection
	GlobalSection(ExtensibilityGlobals) = postSolution
		SolutionGuid = {F67A4143-4184-4685-9F48-9B06CFD8ED4F}
	EndGlobalSection
EndGlobal
