
Microsoft Visual Studio Solution File, Format Version 12.00
# Visual Studio Version 16
VisualStudioVersion = 16.0.31105.61
MinimumVisualStudioVersion = 10.0.40219.1
Project("{FAE04EC0-301F-11D3-BF4B-00C04F79EFBC}") = "AuthAngular", "AuthAngular.csproj", "{60D17EF8-2797-4831-9636-0D9F1A1F839C}"
EndProject
Global
	GlobalSection(SolutionConfigurationPlatforms) = preSolution
		Debug|Any CPU = Debug|Any CPU
		Release|Any CPU = Release|Any CPU
	EndGlobalSection
	GlobalSection(ProjectConfigurationPlatforms) = postSolution
		{60D17EF8-2797-4831-9636-0D9F1A1F839C}.Debug|Any CPU.ActiveCfg = Debug|Any CPU
		{60D17EF8-2797-4831-9636-0D9F1A1F839C}.Debug|Any CPU.Build.0 = Debug|Any CPU
		{60D17EF8-2797-4831-9636-0D9F1A1F839C}.Release|Any CPU.ActiveCfg = Release|Any CPU
		{60D17EF8-2797-4831-9636-0D9F1A1F839C}.Release|Any CPU.Build.0 = Release|Any CPU
	EndGlobalSection
	GlobalSection(SolutionProperties) = preSolution
		HideSolutionNode = FALSE
	EndGlobalSection
	GlobalSection(ExtensibilityGlobals) = postSolution
		SolutionGuid = {02D74E3A-21A1-400D-9B34-833B937E8D44}
	EndGlobalSection
EndGlobal
